
Microsoft Visual Studio Solution File, Format Version 12.00
# Visual Studio Version 17
VisualStudioVersion = 17.6.33508.336
MinimumVisualStudioVersion = 10.0.40219.1
Project("{FAE04EC0-301F-11D3-BF4B-00C04F79EFBC}") = "BlazorApp100", "BlazorApp100\BlazorApp100.csproj", "{58DCEB63-61DA-4F62-B83B-024EAACEB4AF}"
EndProject
Global
	GlobalSection(SolutionConfigurationPlatforms) = preSolution
		Debug|Any CPU = Debug|Any CPU
		Release|Any CPU = Release|Any CPU
	EndGlobalSection
	GlobalSection(ProjectConfigurationPlatforms) = postSolution
		{58DCEB63-61DA-4F62-B83B-024EAACEB4AF}.Debug|Any CPU.ActiveCfg = Debug|Any CPU
		{58DCEB63-61DA-4F62-B83B-024EAACEB4AF}.Debug|Any CPU.Build.0 = Debug|Any CPU
		{58DCEB63-61DA-4F62-B83B-024EAACEB4AF}.Release|Any CPU.ActiveCfg = Release|Any CPU
		{58DCEB63-61DA-4F62-B83B-024EAACEB4AF}.Release|Any CPU.Build.0 = Release|Any CPU
	EndGlobalSection
	GlobalSection(SolutionProperties) = preSolution
		HideSolutionNode = FALSE
	EndGlobalSection
	GlobalSection(ExtensibilityGlobals) = postSolution
		SolutionGuid = {B295499E-A882-4149-8C22-AF1DC31E5CA6}
	EndGlobalSection
EndGlobal
